{
  "requires": true,
  "lockfileVersion": 1,
  "dependencies": {
    "foundation-sites": {
      "version": "6.6.3",
      "resolved": "https://registry.npmjs.org/foundation-sites/-/foundation-sites-6.6.3.tgz",
      "integrity": "sha512-8X93wUAmUg1HhVv8uWMWnwoBLSQWSmFImJencneIZDctswn724Bq/MV1cbPZN/GFWGOB/9ngoQHztfzd4+ovCg=="
    },
    "normalize.css": {
      "version": "8.0.1",
      "resolved": "https://registry.npmjs.org/normalize.css/-/normalize.css-8.0.1.tgz",
      "integrity": "sha512-qizSNPO93t1YUuUhP22btGOo3chcvDFqFaj2TRybP0DMxkHOCTYwp3n34fel4a31ORXy4m1Xq0Gyqpb5m33qIg=="
    },
    "plygrid": {
      "version": "0.8.1",
      "resolved": "https://registry.npmjs.org/plygrid/-/plygrid-0.8.1.tgz",
      "integrity": "sha512-prchKnWp/iua40wVyvzmaG/8IuTPhn7lC4kxVBVLsUMZerRfxVjoyPrkGF1zP8I9Bulrp1wsMbkNw9CtSSDopg=="
    }
  }
}
